// !$*UTF8*$!
{
	archiveVersion = 1;
	classes = {
	};
	objectVersion = 48;
	objects = {

/* Begin PBXBuildFile section */
		CD6CA3E4208909BC00A932BC /* Tag.swift in Sources */ = {isa = PBXBuildFile; fileRef = CD6CA3E3208909BC00A932BC /* Tag.swift */; };
		CD6CA3E6208909E700A932BC /* Token.swift in Sources */ = {isa = PBXBuildFile; fileRef = CD6CA3E5208909E700A932BC /* Token.swift */; };
		CD6CA3E820890A0300A932BC /* Num.swift in Sources */ = {isa = PBXBuildFile; fileRef = CD6CA3E720890A0300A932BC /* Num.swift */; };
		CD6CA3EA20890A1B00A932BC /* Word.swift in Sources */ = {isa = PBXBuildFile; fileRef = CD6CA3E920890A1B00A932BC /* Word.swift */; };
		CD6CA3EC20890A3D00A932BC /* Real.swift in Sources */ = {isa = PBXBuildFile; fileRef = CD6CA3EB20890A3D00A932BC /* Real.swift */; };
		CD6CA3EE20890A7400A932BC /* Lexer.swift in Sources */ = {isa = PBXBuildFile; fileRef = CD6CA3ED20890A7400A932BC /* Lexer.swift */; };
		CD6CA3F120890AD300A932BC /* Env.swift in Sources */ = {isa = PBXBuildFile; fileRef = CD6CA3F020890AD300A932BC /* Env.swift */; };
		CD6CA3F320890B0100A932BC /* Type.swift in Sources */ = {isa = PBXBuildFile; fileRef = CD6CA3F220890B0100A932BC /* Type.swift */; };
		CD6CA3F520890B3600A932BC /* Array.swift in Sources */ = {isa = PBXBuildFile; fileRef = CD6CA3F420890B3600A932BC /* Array.swift */; };
		CD6CA3F820890B8400A932BC /* Node.swift in Sources */ = {isa = PBXBuildFile; fileRef = CD6CA3F720890B8400A932BC /* Node.swift */; };
		CD6CA3FA20890BAF00A932BC /* Expr.swift in Sources */ = {isa = PBXBuildFile; fileRef = CD6CA3F920890BAF00A932BC /* Expr.swift */; };
		CD6CA3FC20890BCD00A932BC /* Id.swift in Sources */ = {isa = PBXBuildFile; fileRef = CD6CA3FB20890BCD00A932BC /* Id.swift */; };
		CD6CA3FE20890C3400A932BC /* Op.swift in Sources */ = {isa = PBXBuildFile; fileRef = CD6CA3FD20890C3400A932BC /* Op.swift */; };
		CD6CA40020890C7A00A932BC /* Arith.swift in Sources */ = {isa = PBXBuildFile; fileRef = CD6CA3FF20890C7A00A932BC /* Arith.swift */; };
		CD6CA40220890C9A00A932BC /* Temp.swift in Sources */ = {isa = PBXBuildFile; fileRef = CD6CA40120890C9A00A932BC /* Temp.swift */; };
		CD6CA40420890CBB00A932BC /* Unary.swift in Sources */ = {isa = PBXBuildFile; fileRef = CD6CA40320890CBB00A932BC /* Unary.swift */; };
		CD6CA40720890CEB00A932BC /* Constant.swift in Sources */ = {isa = PBXBuildFile; fileRef = CD6CA40620890CEB00A932BC /* Constant.swift */; };
		CD6CA40A20890D2700A932BC /* Logical.swift in Sources */ = {isa = PBXBuildFile; fileRef = CD6CA40920890D2700A932BC /* Logical.swift */; };
		CD6CA40C20890D4700A932BC /* Or.swift in Sources */ = {isa = PBXBuildFile; fileRef = CD6CA40B20890D4700A932BC /* Or.swift */; };
		CD6CA40E20890D6500A932BC /* And.swift in Sources */ = {isa = PBXBuildFile; fileRef = CD6CA40D20890D6500A932BC /* And.swift */; };
		CD6CA41020890D7F00A932BC /* Not.swift in Sources */ = {isa = PBXBuildFile; fileRef = CD6CA40F20890D7F00A932BC /* Not.swift */; };
		CD6CA41220890D9E00A932BC /* Rel.swift in Sources */ = {isa = PBXBuildFile; fileRef = CD6CA41120890D9E00A932BC /* Rel.swift */; };
		CD6CA41420890DBB00A932BC /* Access.swift in Sources */ = {isa = PBXBuildFile; fileRef = CD6CA41320890DBB00A932BC /* Access.swift */; };
		CD6CA41720890DF300A932BC /* Stmt.swift in Sources */ = {isa = PBXBuildFile; fileRef = CD6CA41620890DF300A932BC /* Stmt.swift */; };
		CD6CA41A20890E1D00A932BC /* If.swift in Sources */ = {isa = PBXBuildFile; fileRef = CD6CA41920890E1D00A932BC /* If.swift */; };
		CD6CA41C20890E3900A932BC /* Else.swift in Sources */ = {isa = PBXBuildFile; fileRef = CD6CA41B20890E3900A932BC /* Else.swift */; };
		CD6CA41E20890E5300A932BC /* While.swift in Sources */ = {isa = PBXBuildFile; fileRef = CD6CA41D20890E5300A932BC /* While.swift */; };
		CD6CA42020890E6E00A932BC /* Do.swift in Sources */ = {isa = PBXBuildFile; fileRef = CD6CA41F20890E6E00A932BC /* Do.swift */; };
		CD6CA42220890E9800A932BC /* Set.swift in Sources */ = {isa = PBXBuildFile; fileRef = CD6CA42120890E9800A932BC /* Set.swift */; };
		CD6CA42420890EB400A932BC /* SetElem.swift in Sources */ = {isa = PBXBuildFile; fileRef = CD6CA42320890EB400A932BC /* SetElem.swift */; };
		CD6CA42620890ED700A932BC /* Seq.swift in Sources */ = {isa = PBXBuildFile; fileRef = CD6CA42520890ED700A932BC /* Seq.swift */; };
		CD6CA42820890EFA00A932BC /* Break.swift in Sources */ = {isa = PBXBuildFile; fileRef = CD6CA42720890EFA00A932BC /* Break.swift */; };
		CD6CA42B20890F4A00A932BC /* Parser.swift in Sources */ = {isa = PBXBuildFile; fileRef = CD6CA42A20890F4A00A932BC /* Parser.swift */; };
		CD6CA42D208911EA00A932BC /* test in Resources */ = {isa = PBXBuildFile; fileRef = CD6CA42C208911EA00A932BC /* test */; };
		F2B40E66205B59F6000E081D /* AppDelegate.swift in Sources */ = {isa = PBXBuildFile; fileRef = F2B40E65205B59F6000E081D /* AppDelegate.swift */; };
		F2B40E6A205B59F6000E081D /* Assets.xcassets in Resources */ = {isa = PBXBuildFile; fileRef = F2B40E69205B59F6000E081D /* Assets.xcassets */; };
		F2B40E6D205B59F6000E081D /* Main.storyboard in Resources */ = {isa = PBXBuildFile; fileRef = F2B40E6B205B59F6000E081D /* Main.storyboard */; };
		F2FBF547206E94C000B79CEF /* MainVC.swift in Sources */ = {isa = PBXBuildFile; fileRef = F2FBF546206E94C000B79CEF /* MainVC.swift */; };
		F2FBF551206EC65D00B79CEF /* Character+ASCII.swift in Sources */ = {isa = PBXBuildFile; fileRef = F2FBF550206EC65D00B79CEF /* Character+ASCII.swift */; };
/* End PBXBuildFile section */

/* Begin PBXFileReference section */
		CD6CA3E3208909BC00A932BC /* Tag.swift */ = {isa = PBXFileReference; lastKnownFileType = sourcecode.swift; path = Tag.swift; sourceTree = "<group>"; };
		CD6CA3E5208909E700A932BC /* Token.swift */ = {isa = PBXFileReference; lastKnownFileType = sourcecode.swift; path = Token.swift; sourceTree = "<group>"; };
		CD6CA3E720890A0300A932BC /* Num.swift */ = {isa = PBXFileReference; lastKnownFileType = sourcecode.swift; path = Num.swift; sourceTree = "<group>"; };
		CD6CA3E920890A1B00A932BC /* Word.swift */ = {isa = PBXFileReference; lastKnownFileType = sourcecode.swift; path = Word.swift; sourceTree = "<group>"; };
		CD6CA3EB20890A3D00A932BC /* Real.swift */ = {isa = PBXFileReference; lastKnownFileType = sourcecode.swift; path = Real.swift; sourceTree = "<group>"; };
		CD6CA3ED20890A7400A932BC /* Lexer.swift */ = {isa = PBXFileReference; lastKnownFileType = sourcecode.swift; path = Lexer.swift; sourceTree = "<group>"; };
		CD6CA3F020890AD300A932BC /* Env.swift */ = {isa = PBXFileReference; lastKnownFileType = sourcecode.swift; path = Env.swift; sourceTree = "<group>"; };
		CD6CA3F220890B0100A932BC /* Type.swift */ = {isa = PBXFileReference; lastKnownFileType = sourcecode.swift; path = Type.swift; sourceTree = "<group>"; };
		CD6CA3F420890B3600A932BC /* Array.swift */ = {isa = PBXFileReference; lastKnownFileType = sourcecode.swift; path = Array.swift; sourceTree = "<group>"; };
		CD6CA3F720890B8400A932BC /* Node.swift */ = {isa = PBXFileReference; lastKnownFileType = sourcecode.swift; path = Node.swift; sourceTree = "<group>"; };
		CD6CA3F920890BAF00A932BC /* Expr.swift */ = {isa = PBXFileReference; lastKnownFileType = sourcecode.swift; path = Expr.swift; sourceTree = "<group>"; };
		CD6CA3FB20890BCD00A932BC /* Id.swift */ = {isa = PBXFileReference; lastKnownFileType = sourcecode.swift; path = Id.swift; sourceTree = "<group>"; };
		CD6CA3FD20890C3400A932BC /* Op.swift */ = {isa = PBXFileReference; lastKnownFileType = sourcecode.swift; path = Op.swift; sourceTree = "<group>"; };
		CD6CA3FF20890C7A00A932BC /* Arith.swift */ = {isa = PBXFileReference; lastKnownFileType = sourcecode.swift; path = Arith.swift; sourceTree = "<group>"; };
		CD6CA40120890C9A00A932BC /* Temp.swift */ = {isa = PBXFileReference; lastKnownFileType = sourcecode.swift; path = Temp.swift; sourceTree = "<group>"; };
		CD6CA40320890CBB00A932BC /* Unary.swift */ = {isa = PBXFileReference; lastKnownFileType = sourcecode.swift; path = Unary.swift; sourceTree = "<group>"; };
		CD6CA40620890CEB00A932BC /* Constant.swift */ = {isa = PBXFileReference; lastKnownFileType = sourcecode.swift; path = Constant.swift; sourceTree = "<group>"; };
		CD6CA40920890D2700A932BC /* Logical.swift */ = {isa = PBXFileReference; lastKnownFileType = sourcecode.swift; path = Logical.swift; sourceTree = "<group>"; };
		CD6CA40B20890D4700A932BC /* Or.swift */ = {isa = PBXFileReference; lastKnownFileType = sourcecode.swift; path = Or.swift; sourceTree = "<group>"; };
		CD6CA40D20890D6500A932BC /* And.swift */ = {isa = PBXFileReference; lastKnownFileType = sourcecode.swift; path = And.swift; sourceTree = "<group>"; };
		CD6CA40F20890D7F00A932BC /* Not.swift */ = {isa = PBXFileReference; lastKnownFileType = sourcecode.swift; path = Not.swift; sourceTree = "<group>"; };
		CD6CA41120890D9E00A932BC /* Rel.swift */ = {isa = PBXFileReference; lastKnownFileType = sourcecode.swift; path = Rel.swift; sourceTree = "<group>"; };
		CD6CA41320890DBB00A932BC /* Access.swift */ = {isa = PBXFileReference; lastKnownFileType = sourcecode.swift; path = Access.swift; sourceTree = "<group>"; };
		CD6CA41620890DF300A932BC /* Stmt.swift */ = {isa = PBXFileReference; lastKnownFileType = sourcecode.swift; path = Stmt.swift; sourceTree = "<group>"; };
		CD6CA41920890E1D00A932BC /* If.swift */ = {isa = PBXFileReference; lastKnownFileType = sourcecode.swift; path = If.swift; sourceTree = "<group>"; };
		CD6CA41B20890E3900A932BC /* Else.swift */ = {isa = PBXFileReference; lastKnownFileType = sourcecode.swift; path = Else.swift; sourceTree = "<group>"; };
		CD6CA41D20890E5300A932BC /* While.swift */ = {isa = PBXFileReference; lastKnownFileType = sourcecode.swift; path = While.swift; sourceTree = "<group>"; };
		CD6CA41F20890E6E00A932BC /* Do.swift */ = {isa = PBXFileReference; lastKnownFileType = sourcecode.swift; path = Do.swift; sourceTree = "<group>"; };
		CD6CA42120890E9800A932BC /* Set.swift */ = {isa = PBXFileReference; lastKnownFileType = sourcecode.swift; path = Set.swift; sourceTree = "<group>"; };
		CD6CA42320890EB400A932BC /* SetElem.swift */ = {isa = PBXFileReference; lastKnownFileType = sourcecode.swift; path = SetElem.swift; sourceTree = "<group>"; };
		CD6CA42520890ED700A932BC /* Seq.swift */ = {isa = PBXFileReference; lastKnownFileType = sourcecode.swift; path = Seq.swift; sourceTree = "<group>"; };
		CD6CA42720890EFA00A932BC /* Break.swift */ = {isa = PBXFileReference; lastKnownFileType = sourcecode.swift; path = Break.swift; sourceTree = "<group>"; };
		CD6CA42A20890F4A00A932BC /* Parser.swift */ = {isa = PBXFileReference; lastKnownFileType = sourcecode.swift; path = Parser.swift; sourceTree = "<group>"; };
		CD6CA42C208911EA00A932BC /* test */ = {isa = PBXFileReference; fileEncoding = 4; lastKnownFileType = text; path = test; sourceTree = "<group>"; };
		F2B40E62205B59F6000E081D /* ProjetoCompiladores.app */ = {isa = PBXFileReference; explicitFileType = wrapper.application; includeInIndex = 0; path = ProjetoCompiladores.app; sourceTree = BUILT_PRODUCTS_DIR; };
		F2B40E65205B59F6000E081D /* AppDelegate.swift */ = {isa = PBXFileReference; lastKnownFileType = sourcecode.swift; path = AppDelegate.swift; sourceTree = "<group>"; };
		F2B40E69205B59F6000E081D /* Assets.xcassets */ = {isa = PBXFileReference; lastKnownFileType = folder.assetcatalog; path = Assets.xcassets; sourceTree = "<group>"; };
		F2B40E6C205B59F6000E081D /* Base */ = {isa = PBXFileReference; lastKnownFileType = file.storyboard; name = Base; path = Base.lproj/Main.storyboard; sourceTree = "<group>"; };
		F2B40E6E205B59F6000E081D /* Info.plist */ = {isa = PBXFileReference; lastKnownFileType = text.plist.xml; path = Info.plist; sourceTree = "<group>"; };
		F2B40E6F205B59F6000E081D /* ProjetoCompiladores.entitlements */ = {isa = PBXFileReference; lastKnownFileType = text.plist.entitlements; path = ProjetoCompiladores.entitlements; sourceTree = "<group>"; };
		F2FBF546206E94C000B79CEF /* MainVC.swift */ = {isa = PBXFileReference; lastKnownFileType = sourcecode.swift; path = MainVC.swift; sourceTree = "<group>"; };
		F2FBF550206EC65D00B79CEF /* Character+ASCII.swift */ = {isa = PBXFileReference; lastKnownFileType = sourcecode.swift; path = "Character+ASCII.swift"; sourceTree = "<group>"; };
/* End PBXFileReference section */

/* Begin PBXFrameworksBuildPhase section */
		F2B40E5F205B59F6000E081D /* Frameworks */ = {
			isa = PBXFrameworksBuildPhase;
			buildActionMask = 2147483647;
			files = (
			);
			runOnlyForDeploymentPostprocessing = 0;
		};
/* End PBXFrameworksBuildPhase section */

/* Begin PBXGroup section */
		CD6CA3E22089099E00A932BC /* Lexer */ = {
			isa = PBXGroup;
			children = (
				CD6CA3E3208909BC00A932BC /* Tag.swift */,
				CD6CA3E5208909E700A932BC /* Token.swift */,
				CD6CA3E720890A0300A932BC /* Num.swift */,
				CD6CA3E920890A1B00A932BC /* Word.swift */,
				CD6CA3EB20890A3D00A932BC /* Real.swift */,
				CD6CA3ED20890A7400A932BC /* Lexer.swift */,
			);
			path = Lexer;
			sourceTree = "<group>";
		};
		CD6CA3EF20890ABC00A932BC /* Symbols */ = {
			isa = PBXGroup;
			children = (
				CD6CA3F020890AD300A932BC /* Env.swift */,
				CD6CA3F220890B0100A932BC /* Type.swift */,
				CD6CA3F420890B3600A932BC /* Array.swift */,
			);
			path = Symbols;
			sourceTree = "<group>";
		};
		CD6CA3F620890B6E00A932BC /* Inter */ = {
			isa = PBXGroup;
			children = (
				CD6CA3F720890B8400A932BC /* Node.swift */,
				CD6CA3F920890BAF00A932BC /* Expr.swift */,
				CD6CA3FB20890BCD00A932BC /* Id.swift */,
				CD6CA3FD20890C3400A932BC /* Op.swift */,
				CD6CA3FF20890C7A00A932BC /* Arith.swift */,
				CD6CA40120890C9A00A932BC /* Temp.swift */,
				CD6CA40320890CBB00A932BC /* Unary.swift */,
				CD6CA40520890CDB00A932BC /* BoolExpressions */,
				CD6CA41520890DD800A932BC /* Comands */,
			);
			path = Inter;
			sourceTree = "<group>";
		};
		CD6CA40520890CDB00A932BC /* BoolExpressions */ = {
			isa = PBXGroup;
			children = (
				CD6CA40620890CEB00A932BC /* Constant.swift */,
				CD6CA40920890D2700A932BC /* Logical.swift */,
				CD6CA40B20890D4700A932BC /* Or.swift */,
				CD6CA40D20890D6500A932BC /* And.swift */,
				CD6CA40F20890D7F00A932BC /* Not.swift */,
				CD6CA41120890D9E00A932BC /* Rel.swift */,
				CD6CA41320890DBB00A932BC /* Access.swift */,
			);
			path = BoolExpressions;
			sourceTree = "<group>";
		};
		CD6CA41520890DD800A932BC /* Comands */ = {
			isa = PBXGroup;
			children = (
				CD6CA41620890DF300A932BC /* Stmt.swift */,
				CD6CA41920890E1D00A932BC /* If.swift */,
				CD6CA41B20890E3900A932BC /* Else.swift */,
				CD6CA41D20890E5300A932BC /* While.swift */,
				CD6CA41F20890E6E00A932BC /* Do.swift */,
				CD6CA42120890E9800A932BC /* Set.swift */,
				CD6CA42320890EB400A932BC /* SetElem.swift */,
				CD6CA42520890ED700A932BC /* Seq.swift */,
				CD6CA42720890EFA00A932BC /* Break.swift */,
			);
			path = Comands;
			sourceTree = "<group>";
		};
		CD6CA42920890F3600A932BC /* Parser */ = {
			isa = PBXGroup;
			children = (
				CD6CA42A20890F4A00A932BC /* Parser.swift */,
			);
			path = Parser;
			sourceTree = "<group>";
		};
		F2B40E59205B59F6000E081D = {
			isa = PBXGroup;
			children = (
				F2B40E64205B59F6000E081D /* ProjetoCompiladores */,
				F2B40E63205B59F6000E081D /* Products */,
			);
			sourceTree = "<group>";
		};
		F2B40E63205B59F6000E081D /* Products */ = {
			isa = PBXGroup;
			children = (
				F2B40E62205B59F6000E081D /* ProjetoCompiladores.app */,
			);
			name = Products;
			sourceTree = "<group>";
		};
		F2B40E64205B59F6000E081D /* ProjetoCompiladores */ = {
			isa = PBXGroup;
			children = (
				F2FBF54A206E951000B79CEF /* Classes */,
				F2FBF54F206E958B00B79CEF /* Resources */,
			);
			path = ProjetoCompiladores;
			sourceTree = "<group>";
		};
		F2FBF54A206E951000B79CEF /* Classes */ = {
			isa = PBXGroup;
			children = (
				CD6CA42920890F3600A932BC /* Parser */,
				CD6CA3E22089099E00A932BC /* Lexer */,
				CD6CA3EF20890ABC00A932BC /* Symbols */,
				CD6CA3F620890B6E00A932BC /* Inter */,
				F2B40E65205B59F6000E081D /* AppDelegate.swift */,
				F2FBF54B206E952B00B79CEF /* UI */,
				F2FBF553206EC66800B79CEF /* Utils */,
			);
			path = Classes;
			sourceTree = "<group>";
		};
		F2FBF54B206E952B00B79CEF /* UI */ = {
			isa = PBXGroup;
			children = (
				F2FBF54E206E955300B79CEF /* Storyboard */,
				F2FBF54D206E954A00B79CEF /* ViewController */,
			);
			path = UI;
			sourceTree = "<group>";
		};
		F2FBF54D206E954A00B79CEF /* ViewController */ = {
			isa = PBXGroup;
			children = (
				F2FBF546206E94C000B79CEF /* MainVC.swift */,
			);
			path = ViewController;
			sourceTree = "<group>";
		};
		F2FBF54E206E955300B79CEF /* Storyboard */ = {
			isa = PBXGroup;
			children = (
				F2B40E6B205B59F6000E081D /* Main.storyboard */,
			);
			path = Storyboard;
			sourceTree = "<group>";
		};
		F2FBF54F206E958B00B79CEF /* Resources */ = {
			isa = PBXGroup;
			children = (
				F2B40E69205B59F6000E081D /* Assets.xcassets */,
				F2B40E6E205B59F6000E081D /* Info.plist */,
				F2B40E6F205B59F6000E081D /* ProjetoCompiladores.entitlements */,
				CD6CA42C208911EA00A932BC /* test */,
			);
			path = Resources;
			sourceTree = "<group>";
		};
		F2FBF553206EC66800B79CEF /* Utils */ = {
			isa = PBXGroup;
			children = (
				F2FBF550206EC65D00B79CEF /* Character+ASCII.swift */,
			);
			path = Utils;
			sourceTree = "<group>";
		};
/* End PBXGroup section */

/* Begin PBXNativeTarget section */
		F2B40E61205B59F6000E081D /* ProjetoCompiladores */ = {
			isa = PBXNativeTarget;
			buildConfigurationList = F2B40E72205B59F6000E081D /* Build configuration list for PBXNativeTarget "ProjetoCompiladores" */;
			buildPhases = (
				F2B40E5E205B59F6000E081D /* Sources */,
				F2B40E5F205B59F6000E081D /* Frameworks */,
				F2B40E60205B59F6000E081D /* Resources */,
			);
			buildRules = (
			);
			dependencies = (
			);
			name = ProjetoCompiladores;
			productName = ProjetoCompiladores;
			productReference = F2B40E62205B59F6000E081D /* ProjetoCompiladores.app */;
			productType = "com.apple.product-type.application";
		};
/* End PBXNativeTarget section */

/* Begin PBXProject section */
		F2B40E5A205B59F6000E081D /* Project object */ = {
			isa = PBXProject;
			attributes = {
				LastSwiftUpdateCheck = 0920;
				LastUpgradeCheck = 0930;
				ORGANIZATIONNAME = "GHP Enterprises";
				TargetAttributes = {
					F2B40E61205B59F6000E081D = {
						CreatedOnToolsVersion = 9.2;
						ProvisioningStyle = Automatic;
					};
				};
			};
			buildConfigurationList = F2B40E5D205B59F6000E081D /* Build configuration list for PBXProject "ProjetoCompiladores" */;
			compatibilityVersion = "Xcode 8.0";
			developmentRegion = en;
			hasScannedForEncodings = 0;
			knownRegions = (
				en,
				Base,
			);
			mainGroup = F2B40E59205B59F6000E081D;
			productRefGroup = F2B40E63205B59F6000E081D /* Products */;
			projectDirPath = "";
			projectRoot = "";
			targets = (
				F2B40E61205B59F6000E081D /* ProjetoCompiladores */,
			);
		};
/* End PBXProject section */

/* Begin PBXResourcesBuildPhase section */
		F2B40E60205B59F6000E081D /* Resources */ = {
			isa = PBXResourcesBuildPhase;
			buildActionMask = 2147483647;
			files = (
				F2B40E6A205B59F6000E081D /* Assets.xcassets in Resources */,
				F2B40E6D205B59F6000E081D /* Main.storyboard in Resources */,
				CD6CA42D208911EA00A932BC /* test in Resources */,
			);
			runOnlyForDeploymentPostprocessing = 0;
		};
/* End PBXResourcesBuildPhase section */

/* Begin PBXSourcesBuildPhase section */
		F2B40E5E205B59F6000E081D /* Sources */ = {
			isa = PBXSourcesBuildPhase;
			buildActionMask = 2147483647;
			files = (
				CD6CA3E4208909BC00A932BC /* Tag.swift in Sources */,
				CD6CA3EC20890A3D00A932BC /* Real.swift in Sources */,
				CD6CA41A20890E1D00A932BC /* If.swift in Sources */,
				CD6CA42020890E6E00A932BC /* Do.swift in Sources */,
				CD6CA3FE20890C3400A932BC /* Op.swift in Sources */,
				CD6CA3EA20890A1B00A932BC /* Word.swift in Sources */,
				CD6CA42420890EB400A932BC /* SetElem.swift in Sources */,
				CD6CA41220890D9E00A932BC /* Rel.swift in Sources */,
				CD6CA41C20890E3900A932BC /* Else.swift in Sources */,
				CD6CA3E6208909E700A932BC /* Token.swift in Sources */,
				F2FBF547206E94C000B79CEF /* MainVC.swift in Sources */,
				CD6CA41E20890E5300A932BC /* While.swift in Sources */,
				CD6CA3F820890B8400A932BC /* Node.swift in Sources */,
				CD6CA40720890CEB00A932BC /* Constant.swift in Sources */,
				CD6CA41420890DBB00A932BC /* Access.swift in Sources */,
				CD6CA3F320890B0100A932BC /* Type.swift in Sources */,
				CD6CA41720890DF300A932BC /* Stmt.swift in Sources */,
				CD6CA42220890E9800A932BC /* Set.swift in Sources */,
				CD6CA3F120890AD300A932BC /* Env.swift in Sources */,
				CD6CA40A20890D2700A932BC /* Logical.swift in Sources */,
				CD6CA3FC20890BCD00A932BC /* Id.swift in Sources */,
				F2B40E66205B59F6000E081D /* AppDelegate.swift in Sources */,
				CD6CA41020890D7F00A932BC /* Not.swift in Sources */,
				CD6CA40220890C9A00A932BC /* Temp.swift in Sources */,
				CD6CA40420890CBB00A932BC /* Unary.swift in Sources */,
				CD6CA3E820890A0300A932BC /* Num.swift in Sources */,
				CD6CA42820890EFA00A932BC /* Break.swift in Sources */,
				CD6CA3FA20890BAF00A932BC /* Expr.swift in Sources */,
				CD6CA3F520890B3600A932BC /* Array.swift in Sources */,
				CD6CA3EE20890A7400A932BC /* Lexer.swift in Sources */,
				CD6CA42620890ED700A932BC /* Seq.swift in Sources */,
				F2FBF551206EC65D00B79CEF /* Character+ASCII.swift in Sources */,
				CD6CA42B20890F4A00A932BC /* Parser.swift in Sources */,
				CD6CA40C20890D4700A932BC /* Or.swift in Sources */,
				CD6CA40020890C7A00A932BC /* Arith.swift in Sources */,
				CD6CA40E20890D6500A932BC /* And.swift in Sources */,
			);
			runOnlyForDeploymentPostprocessing = 0;
		};
/* End PBXSourcesBuildPhase section */

/* Begin PBXVariantGroup section */
		F2B40E6B205B59F6000E081D /* Main.storyboard */ = {
			isa = PBXVariantGroup;
			children = (
				F2B40E6C205B59F6000E081D /* Base */,
			);
			name = Main.storyboard;
			sourceTree = "<group>";
		};
/* End PBXVariantGroup section */

/* Begin XCBuildConfiguration section */
		F2B40E70205B59F6000E081D /* Debug */ = {
			isa = XCBuildConfiguration;
			buildSettings = {
				ALWAYS_SEARCH_USER_PATHS = NO;
				CLANG_ANALYZER_NONNULL = YES;
				CLANG_ANALYZER_NUMBER_OBJECT_CONVERSION = YES_AGGRESSIVE;
				CLANG_CXX_LANGUAGE_STANDARD = "gnu++14";
				CLANG_CXX_LIBRARY = "libc++";
				CLANG_ENABLE_MODULES = YES;
				CLANG_ENABLE_OBJC_ARC = YES;
				CLANG_WARN_BLOCK_CAPTURE_AUTORELEASING = YES;
				CLANG_WARN_BOOL_CONVERSION = YES;
				CLANG_WARN_COMMA = YES;
				CLANG_WARN_CONSTANT_CONVERSION = YES;
				CLANG_WARN_DEPRECATED_OBJC_IMPLEMENTATIONS = YES;
				CLANG_WARN_DIRECT_OBJC_ISA_USAGE = YES_ERROR;
				CLANG_WARN_DOCUMENTATION_COMMENTS = YES;
				CLANG_WARN_EMPTY_BODY = YES;
				CLANG_WARN_ENUM_CONVERSION = YES;
				CLANG_WARN_INFINITE_RECURSION = YES;
				CLANG_WARN_INT_CONVERSION = YES;
				CLANG_WARN_NON_LITERAL_NULL_CONVERSION = YES;
				CLANG_WARN_OBJC_IMPLICIT_RETAIN_SELF = YES;
				CLANG_WARN_OBJC_LITERAL_CONVERSION = YES;
				CLANG_WARN_OBJC_ROOT_CLASS = YES_ERROR;
				CLANG_WARN_RANGE_LOOP_ANALYSIS = YES;
				CLANG_WARN_STRICT_PROTOTYPES = YES;
				CLANG_WARN_SUSPICIOUS_MOVE = YES;
				CLANG_WARN_UNGUARDED_AVAILABILITY = YES_AGGRESSIVE;
				CLANG_WARN_UNREACHABLE_CODE = YES;
				CLANG_WARN__DUPLICATE_METHOD_MATCH = YES;
				CODE_SIGN_IDENTITY = "-";
				COPY_PHASE_STRIP = NO;
				DEBUG_INFORMATION_FORMAT = dwarf;
				ENABLE_STRICT_OBJC_MSGSEND = YES;
				ENABLE_TESTABILITY = YES;
				GCC_C_LANGUAGE_STANDARD = gnu11;
				GCC_DYNAMIC_NO_PIC = NO;
				GCC_NO_COMMON_BLOCKS = YES;
				GCC_OPTIMIZATION_LEVEL = 0;
				GCC_PREPROCESSOR_DEFINITIONS = (
					"DEBUG=1",
					"$(inherited)",
				);
				GCC_WARN_64_TO_32_BIT_CONVERSION = YES;
				GCC_WARN_ABOUT_RETURN_TYPE = YES_ERROR;
				GCC_WARN_UNDECLARED_SELECTOR = YES;
				GCC_WARN_UNINITIALIZED_AUTOS = YES_AGGRESSIVE;
				GCC_WARN_UNUSED_FUNCTION = YES;
				GCC_WARN_UNUSED_VARIABLE = YES;
				MACOSX_DEPLOYMENT_TARGET = 10.13;
				MTL_ENABLE_DEBUG_INFO = YES;
				ONLY_ACTIVE_ARCH = YES;
				SDKROOT = macosx;
				SWIFT_ACTIVE_COMPILATION_CONDITIONS = DEBUG;
				SWIFT_OPTIMIZATION_LEVEL = "-Onone";
			};
			name = Debug;
		};
		F2B40E71205B59F6000E081D /* Release */ = {
			isa = XCBuildConfiguration;
			buildSettings = {
				ALWAYS_SEARCH_USER_PATHS = NO;
				CLANG_ANALYZER_NONNULL = YES;
				CLANG_ANALYZER_NUMBER_OBJECT_CONVERSION = YES_AGGRESSIVE;
				CLANG_CXX_LANGUAGE_STANDARD = "gnu++14";
				CLANG_CXX_LIBRARY = "libc++";
				CLANG_ENABLE_MODULES = YES;
				CLANG_ENABLE_OBJC_ARC = YES;
				CLANG_WARN_BLOCK_CAPTURE_AUTORELEASING = YES;
				CLANG_WARN_BOOL_CONVERSION = YES;
				CLANG_WARN_COMMA = YES;
				CLANG_WARN_CONSTANT_CONVERSION = YES;
				CLANG_WARN_DEPRECATED_OBJC_IMPLEMENTATIONS = YES;
				CLANG_WARN_DIRECT_OBJC_ISA_USAGE = YES_ERROR;
				CLANG_WARN_DOCUMENTATION_COMMENTS = YES;
				CLANG_WARN_EMPTY_BODY = YES;
				CLANG_WARN_ENUM_CONVERSION = YES;
				CLANG_WARN_INFINITE_RECURSION = YES;
				CLANG_WARN_INT_CONVERSION = YES;
				CLANG_WARN_NON_LITERAL_NULL_CONVERSION = YES;
				CLANG_WARN_OBJC_IMPLICIT_RETAIN_SELF = YES;
				CLANG_WARN_OBJC_LITERAL_CONVERSION = YES;
				CLANG_WARN_OBJC_ROOT_CLASS = YES_ERROR;
				CLANG_WARN_RANGE_LOOP_ANALYSIS = YES;
				CLANG_WARN_STRICT_PROTOTYPES = YES;
				CLANG_WARN_SUSPICIOUS_MOVE = YES;
				CLANG_WARN_UNGUARDED_AVAILABILITY = YES_AGGRESSIVE;
				CLANG_WARN_UNREACHABLE_CODE = YES;
				CLANG_WARN__DUPLICATE_METHOD_MATCH = YES;
				CODE_SIGN_IDENTITY = "-";
				COPY_PHASE_STRIP = NO;
				DEBUG_INFORMATION_FORMAT = "dwarf-with-dsym";
				ENABLE_NS_ASSERTIONS = NO;
				ENABLE_STRICT_OBJC_MSGSEND = YES;
				GCC_C_LANGUAGE_STANDARD = gnu11;
				GCC_NO_COMMON_BLOCKS = YES;
				GCC_WARN_64_TO_32_BIT_CONVERSION = YES;
				GCC_WARN_ABOUT_RETURN_TYPE = YES_ERROR;
				GCC_WARN_UNDECLARED_SELECTOR = YES;
				GCC_WARN_UNINITIALIZED_AUTOS = YES_AGGRESSIVE;
				GCC_WARN_UNUSED_FUNCTION = YES;
				GCC_WARN_UNUSED_VARIABLE = YES;
				MACOSX_DEPLOYMENT_TARGET = 10.13;
				MTL_ENABLE_DEBUG_INFO = NO;
				SDKROOT = macosx;
				SWIFT_OPTIMIZATION_LEVEL = "-Owholemodule";
			};
			name = Release;
		};
		F2B40E73205B59F6000E081D /* Debug */ = {
			isa = XCBuildConfiguration;
			buildSettings = {
				ASSETCATALOG_COMPILER_APPICON_NAME = AppIcon;
				CODE_SIGN_ENTITLEMENTS = ProjetoCompiladores/Resources/ProjetoCompiladores.entitlements;
				CODE_SIGN_STYLE = Automatic;
				COMBINE_HIDPI_IMAGES = YES;
				INFOPLIST_FILE = "$(SRCROOT)/ProjetoCompiladores/Resources/Info.plist";
				LD_RUNPATH_SEARCH_PATHS = "$(inherited) @executable_path/../Frameworks";
				PRODUCT_BUNDLE_IDENTIFIER = br.com.senac.sp.ProjetoCompiladores;
				PRODUCT_NAME = "$(TARGET_NAME)";
				SWIFT_VERSION = 4.0;
			};
			name = Debug;
		};
		F2B40E74205B59F6000E081D /* Release */ = {
			isa = XCBuildConfiguration;
			buildSettings = {
				ASSETCATALOG_COMPILER_APPICON_NAME = AppIcon;
				CODE_SIGN_ENTITLEMENTS = ProjetoCompiladores/Resources/ProjetoCompiladores.entitlements;
				CODE_SIGN_STYLE = Automatic;
				COMBINE_HIDPI_IMAGES = YES;
				INFOPLIST_FILE = "$(SRCROOT)/ProjetoCompiladores/Resources/Info.plist";
				LD_RUNPATH_SEARCH_PATHS = "$(inherited) @executable_path/../Frameworks";
				PRODUCT_BUNDLE_IDENTIFIER = br.com.senac.sp.ProjetoCompiladores;
				PRODUCT_NAME = "$(TARGET_NAME)";
				SWIFT_VERSION = 4.0;
			};
			name = Release;
		};
/* End XCBuildConfiguration section */

/* Begin XCConfigurationList section */
		F2B40E5D205B59F6000E081D /* Build configuration list for PBXProject "ProjetoCompiladores" */ = {
			isa = XCConfigurationList;
			buildConfigurations = (
				F2B40E70205B59F6000E081D /* Debug */,
				F2B40E71205B59F6000E081D /* Release */,
			);
			defaultConfigurationIsVisible = 0;
			defaultConfigurationName = Release;
		};
		F2B40E72205B59F6000E081D /* Build configuration list for PBXNativeTarget "ProjetoCompiladores" */ = {
			isa = XCConfigurationList;
			buildConfigurations = (
				F2B40E73205B59F6000E081D /* Debug */,
				F2B40E74205B59F6000E081D /* Release */,
			);
			defaultConfigurationIsVisible = 0;
			defaultConfigurationName = Release;
		};
/* End XCConfigurationList section */
	};
	rootObject = F2B40E5A205B59F6000E081D /* Project object */;
}
